// !$*UTF8*$!
{
	archiveVersion = 1;
	classes = {
	};
	objectVersion = 50;
	objects = {

/* Begin PBXBuildFile section */
		97FBADD3250002ED00A90509 /* AppDelegate.swift in Sources */ = {isa = PBXBuildFile; fileRef = 97FBADD2250002ED00A90509 /* AppDelegate.swift */; };
		97FBADD5250002ED00A90509 /* SceneDelegate.swift in Sources */ = {isa = PBXBuildFile; fileRef = 97FBADD4250002ED00A90509 /* SceneDelegate.swift */; };
		97FBADD7250002ED00A90509 /* ViewController.swift in Sources */ = {isa = PBXBuildFile; fileRef = 97FBADD6250002ED00A90509 /* ViewController.swift */; };
		97FBADDA250002ED00A90509 /* Main.storyboard in Resources */ = {isa = PBXBuildFile; fileRef = 97FBADD8250002ED00A90509 /* Main.storyboard */; };
		97FBADDC250002EE00A90509 /* Assets.xcassets in Resources */ = {isa = PBXBuildFile; fileRef = 97FBADDB250002EE00A90509 /* Assets.xcassets */; };
		97FBADDF250002EE00A90509 /* LaunchScreen.storyboard in Resources */ = {isa = PBXBuildFile; fileRef = 97FBADDD250002EE00A90509 /* LaunchScreen.storyboard */; };
		97FBADE7250003C200A90509 /* TableViewController.swift in Sources */ = {isa = PBXBuildFile; fileRef = 97FBADE6250003C200A90509 /* TableViewController.swift */; };
		BF0C0CC8A93BB629FE64EA5B /* Pods_ItemTest2.framework in Frameworks */ = {isa = PBXBuildFile; fileRef = 0A23E6878B519E16AC55D96F /* Pods_ItemTest2.framework */; };
/* End PBXBuildFile section */

/* Begin PBXFileReference section */
		0A23E6878B519E16AC55D96F /* Pods_ItemTest2.framework */ = {isa = PBXFileReference; explicitFileType = wrapper.framework; includeInIndex = 0; path = Pods_ItemTest2.framework; sourceTree = BUILT_PRODUCTS_DIR; };
		7F0A628B54E32F84BE33F3FF /* Pods-ItemTest2.release.xcconfig */ = {isa = PBXFileReference; includeInIndex = 1; lastKnownFileType = text.xcconfig; name = "Pods-ItemTest2.release.xcconfig"; path = "Target Support Files/Pods-ItemTest2/Pods-ItemTest2.release.xcconfig"; sourceTree = "<group>"; };
		97FBADCF250002ED00A90509 /* ItemTest2.app */ = {isa = PBXFileReference; explicitFileType = wrapper.application; includeInIndex = 0; path = ItemTest2.app; sourceTree = BUILT_PRODUCTS_DIR; };
		97FBADD2250002ED00A90509 /* AppDelegate.swift */ = {isa = PBXFileReference; lastKnownFileType = sourcecode.swift; path = AppDelegate.swift; sourceTree = "<group>"; };
		97FBADD4250002ED00A90509 /* SceneDelegate.swift */ = {isa = PBXFileReference; lastKnownFileType = sourcecode.swift; path = SceneDelegate.swift; sourceTree = "<group>"; };
		97FBADD6250002ED00A90509 /* ViewController.swift */ = {isa = PBXFileReference; lastKnownFileType = sourcecode.swift; path = ViewController.swift; sourceTree = "<group>"; };
		97FBADD9250002ED00A90509 /* Base */ = {isa = PBXFileReference; lastKnownFileType = file.storyboard; name = Base; path = Base.lproj/Main.storyboard; sourceTree = "<group>"; };
		97FBADDB250002EE00A90509 /* Assets.xcassets */ = {isa = PBXFileReference; lastKnownFileType = folder.assetcatalog; path = Assets.xcassets; sourceTree = "<group>"; };
		97FBADDE250002EE00A90509 /* Base */ = {isa = PBXFileReference; lastKnownFileType = file.storyboard; name = Base; path = Base.lproj/LaunchScreen.storyboard; sourceTree = "<group>"; };
		97FBADE0250002EE00A90509 /* Info.plist */ = {isa = PBXFileReference; lastKnownFileType = text.plist.xml; path = Info.plist; sourceTree = "<group>"; };
		97FBADE6250003C200A90509 /* TableViewController.swift */ = {isa = PBXFileReference; lastKnownFileType = sourcecode.swift; path = TableViewController.swift; sourceTree = "<group>"; };
		C0C1E6A5209A9B10E72FE4B8 /* Pods-ItemTest2.debug.xcconfig */ = {isa = PBXFileReference; includeInIndex = 1; lastKnownFileType = text.xcconfig; name = "Pods-ItemTest2.debug.xcconfig"; path = "Target Support Files/Pods-ItemTest2/Pods-ItemTest2.debug.xcconfig"; sourceTree = "<group>"; };
/* End PBXFileReference section */

/* Begin PBXFrameworksBuildPhase section */
		97FBADCC250002ED00A90509 /* Frameworks */ = {
			isa = PBXFrameworksBuildPhase;
			buildActionMask = 2147483647;
			files = (
				BF0C0CC8A93BB629FE64EA5B /* Pods_ItemTest2.framework in Frameworks */,
			);
			runOnlyForDeploymentPostprocessing = 0;
		};
/* End PBXFrameworksBuildPhase section */

/* Begin PBXGroup section */
		659E3A00A21AC41565C29651 /* Frameworks */ = {
			isa = PBXGroup;
			children = (
				0A23E6878B519E16AC55D96F /* Pods_ItemTest2.framework */,
			);
			name = Frameworks;
			sourceTree = "<group>";
		};
		97FBADC6250002ED00A90509 = {
			isa = PBXGroup;
			children = (
				97FBADD1250002ED00A90509 /* ItemTest2 */,
				97FBADD0250002ED00A90509 /* Products */,
				E131A4C327E231C30CAAEDA4 /* Pods */,
				659E3A00A21AC41565C29651 /* Frameworks */,
			);
			sourceTree = "<group>";
		};
		97FBADD0250002ED00A90509 /* Products */ = {
			isa = PBXGroup;
			children = (
				97FBADCF250002ED00A90509 /* ItemTest2.app */,
			);
			name = Products;
			sourceTree = "<group>";
		};
		97FBADD1250002ED00A90509 /* ItemTest2 */ = {
			isa = PBXGroup;
			children = (
				97FBADD2250002ED00A90509 /* AppDelegate.swift */,
				97FBADD4250002ED00A90509 /* SceneDelegate.swift */,
				97FBADD6250002ED00A90509 /* ViewController.swift */,
				97FBADD8250002ED00A90509 /* Main.storyboard */,
				97FBADE6250003C200A90509 /* TableViewController.swift */,
				97FBADDB250002EE00A90509 /* Assets.xcassets */,
				97FBADDD250002EE00A90509 /* LaunchScreen.storyboard */,
				97FBADE0250002EE00A90509 /* Info.plist */,
			);
			path = ItemTest2;
			sourceTree = "<group>";
		};
		E131A4C327E231C30CAAEDA4 /* Pods */ = {
			isa = PBXGroup;
			children = (
				C0C1E6A5209A9B10E72FE4B8 /* Pods-ItemTest2.debug.xcconfig */,
				7F0A628B54E32F84BE33F3FF /* Pods-ItemTest2.release.xcconfig */,
			);
			name = Pods;
			path = Pods;
			sourceTree = "<group>";
		};
/* End PBXGroup section */

/* Begin PBXNativeTarget section */
		97FBADCE250002ED00A90509 /* ItemTest2 */ = {
			isa = PBXNativeTarget;
			buildConfigurationList = 97FBADE3250002EE00A90509 /* Build configuration list for PBXNativeTarget "ItemTest2" */;
			buildPhases = (
				68DBC13B311348F08877CEEF /* [CP] Check Pods Manifest.lock */,
				97FBADCB250002ED00A90509 /* Sources */,
				97FBADCC250002ED00A90509 /* Frameworks */,
				97FBADCD250002ED00A90509 /* Resources */,
				4DCAA47FB7611EEF77DA6E49 /* [CP] Embed Pods Frameworks */,
			);
			buildRules = (
			);
			dependencies = (
			);
			name = ItemTest2;
			productName = ItemTest2;
			productReference = 97FBADCF250002ED00A90509 /* ItemTest2.app */;
			productType = "com.apple.product-type.application";
		};
/* End PBXNativeTarget section */

/* Begin PBXProject section */
		97FBADC7250002ED00A90509 /* Project object */ = {
			isa = PBXProject;
			attributes = {
				LastSwiftUpdateCheck = 1150;
				LastUpgradeCheck = 1150;
				ORGANIZATIONNAME = "James Miller";
				TargetAttributes = {
					97FBADCE250002ED00A90509 = {
						CreatedOnToolsVersion = 11.5;
					};
				};
			};
			buildConfigurationList = 97FBADCA250002ED00A90509 /* Build configuration list for PBXProject "ItemTest2" */;
			compatibilityVersion = "Xcode 9.3";
			developmentRegion = en;
			hasScannedForEncodings = 0;
			knownRegions = (
				en,
				Base,
			);
			mainGroup = 97FBADC6250002ED00A90509;
			productRefGroup = 97FBADD0250002ED00A90509 /* Products */;
			projectDirPath = "";
			projectRoot = "";
			targets = (
				97FBADCE250002ED00A90509 /* ItemTest2 */,
			);
		};
/* End PBXProject section */

/* Begin PBXResourcesBuildPhase section */
		97FBADCD250002ED00A90509 /* Resources */ = {
			isa = PBXResourcesBuildPhase;
			buildActionMask = 2147483647;
			files = (
				97FBADDF250002EE00A90509 /* LaunchScreen.storyboard in Resources */,
				97FBADDC250002EE00A90509 /* Assets.xcassets in Resources */,
				97FBADDA250002ED00A90509 /* Main.storyboard in Resources */,
			);
			runOnlyForDeploymentPostprocessing = 0;
		};
/* End PBXResourcesBuildPhase section */

/* Begin PBXShellScriptBuildPhase section */
		4DCAA47FB7611EEF77DA6E49 /* [CP] Embed Pods Frameworks */ = {
			isa = PBXShellScriptBuildPhase;
			buildActionMask = 2147483647;
			files = (
			);
			inputFileListPaths = (
				"${PODS_ROOT}/Target Support Files/Pods-ItemTest2/Pods-ItemTest2-frameworks-${CONFIGURATION}-input-files.xcfilelist",
			);
			name = "[CP] Embed Pods Frameworks";
			outputFileListPaths = (
				"${PODS_ROOT}/Target Support Files/Pods-ItemTest2/Pods-ItemTest2-frameworks-${CONFIGURATION}-output-files.xcfilelist",
			);
			runOnlyForDeploymentPostprocessing = 0;
			shellPath = /bin/sh;
			shellScript = "\"${PODS_ROOT}/Target Support Files/Pods-ItemTest2/Pods-ItemTest2-frameworks.sh\"\n";
			showEnvVarsInLog = 0;
		};
		68DBC13B311348F08877CEEF /* [CP] Check Pods Manifest.lock */ = {
			isa = PBXShellScriptBuildPhase;
			buildActionMask = 2147483647;
			files = (
			);
			inputFileListPaths = (
			);
			inputPaths = (
				"${PODS_PODFILE_DIR_PATH}/Podfile.lock",
				"${PODS_ROOT}/Manifest.lock",
			);
			name = "[CP] Check Pods Manifest.lock";
			outputFileListPaths = (
			);
			outputPaths = (
				"$(DERIVED_FILE_DIR)/Pods-ItemTest2-checkManifestLockResult.txt",
			);
			runOnlyForDeploymentPostprocessing = 0;
			shellPath = /bin/sh;
			shellScript = "diff \"${PODS_PODFILE_DIR_PATH}/Podfile.lock\" \"${PODS_ROOT}/Manifest.lock\" > /dev/null\nif [ $? != 0 ] ; then\n    # print error to STDERR\n    echo \"error: The sandbox is not in sync with the Podfile.lock. Run 'pod install' or update your CocoaPods installation.\" >&2\n    exit 1\nfi\n# This output is used by Xcode 'outputs' to avoid re-running this script phase.\necho \"SUCCESS\" > \"${SCRIPT_OUTPUT_FILE_0}\"\n";
			showEnvVarsInLog = 0;
		};
/* End PBXShellScriptBuildPhase section */

/* Begin PBXSourcesBuildPhase section */
		97FBADCB250002ED00A90509 /* Sources */ = {
			isa = PBXSourcesBuildPhase;
			buildActionMask = 2147483647;
			files = (
				97FBADD7250002ED00A90509 /* ViewController.swift in Sources */,
				97FBADD3250002ED00A90509 /* AppDelegate.swift in Sources */,
				97FBADD5250002ED00A90509 /* SceneDelegate.swift in Sources */,
				97FBADE7250003C200A90509 /* TableViewController.swift in Sources */,
			);
			runOnlyForDeploymentPostprocessing = 0;
		};
/* End PBXSourcesBuildPhase section */

/* Begin PBXVariantGroup section */
		97FBADD8250002ED00A90509 /* Main.storyboard */ = {
			isa = PBXVariantGroup;
			children = (
				97FBADD9250002ED00A90509 /* Base */,
			);
			name = Main.storyboard;
			sourceTree = "<group>";
		};
		97FBADDD250002EE00A90509 /* LaunchScreen.storyboard */ = {
			isa = PBXVariantGroup;
			children = (
				97FBADDE250002EE00A90509 /* Base */,
			);
			name = LaunchScreen.storyboard;
			sourceTree = "<group>";
		};
/* End PBXVariantGroup section */

/* Begin XCBuildConfiguration section */
		97FBADE1250002EE00A90509 /* Debug */ = {
			isa = XCBuildConfiguration;
			buildSettings = {
				ALWAYS_SEARCH_USER_PATHS = NO;
				CLANG_ANALYZER_NONNULL = YES;
				CLANG_ANALYZER_NUMBER_OBJECT_CONVERSION = YES_AGGRESSIVE;
				CLANG_CXX_LANGUAGE_STANDARD = "gnu++14";
				CLANG_CXX_LIBRARY = "libc++";
				CLANG_ENABLE_MODULES = YES;
				CLANG_ENABLE_OBJC_ARC = YES;
				CLANG_ENABLE_OBJC_WEAK = YES;
				CLANG_WARN_BLOCK_CAPTURE_AUTORELEASING = YES;
				CLANG_WARN_BOOL_CONVERSION = YES;
				CLANG_WARN_COMMA = YES;
				CLANG_WARN_CONSTANT_CONVERSION = YES;
				CLANG_WARN_DEPRECATED_OBJC_IMPLEMENTATIONS = YES;
				CLANG_WARN_DIRECT_OBJC_ISA_USAGE = YES_ERROR;
				CLANG_WARN_DOCUMENTATION_COMMENTS = YES;
				CLANG_WARN_EMPTY_BODY = YES;
				CLANG_WARN_ENUM_CONVERSION = YES;
				CLANG_WARN_INFINITE_RECURSION = YES;
				CLANG_WARN_INT_CONVERSION = YES;
				CLANG_WARN_NON_LITERAL_NULL_CONVERSION = YES;
				CLANG_WARN_OBJC_IMPLICIT_RETAIN_SELF = YES;
				CLANG_WARN_OBJC_LITERAL_CONVERSION = YES;
				CLANG_WARN_OBJC_ROOT_CLASS = YES_ERROR;
				CLANG_WARN_RANGE_LOOP_ANALYSIS = YES;
				CLANG_WARN_STRICT_PROTOTYPES = YES;
				CLANG_WARN_SUSPICIOUS_MOVE = YES;
				CLANG_WARN_UNGUARDED_AVAILABILITY = YES_AGGRESSIVE;
				CLANG_WARN_UNREACHABLE_CODE = YES;
				CLANG_WARN__DUPLICATE_METHOD_MATCH = YES;
				COPY_PHASE_STRIP = NO;
				DEBUG_INFORMATION_FORMAT = dwarf;
				ENABLE_STRICT_OBJC_MSGSEND = YES;
				ENABLE_TESTABILITY = YES;
				GCC_C_LANGUAGE_STANDARD = gnu11;
				GCC_DYNAMIC_NO_PIC = NO;
				GCC_NO_COMMON_BLOCKS = YES;
				GCC_OPTIMIZATION_LEVEL = 0;
				GCC_PREPROCESSOR_DEFINITIONS = (
					"DEBUG=1",
					"$(inherited)",
				);
				GCC_WARN_64_TO_32_BIT_CONVERSION = YES;
				GCC_WARN_ABOUT_RETURN_TYPE = YES_ERROR;
				GCC_WARN_UNDECLARED_SELECTOR = YES;
				GCC_WARN_UNINITIALIZED_AUTOS = YES_AGGRESSIVE;
				GCC_WARN_UNUSED_FUNCTION = YES;
				GCC_WARN_UNUSED_VARIABLE = YES;
				IPHONEOS_DEPLOYMENT_TARGET = 13.5;
				MTL_ENABLE_DEBUG_INFO = INCLUDE_SOURCE;
				MTL_FAST_MATH = YES;
				ONLY_ACTIVE_ARCH = YES;
				SDKROOT = iphoneos;
				SWIFT_ACTIVE_COMPILATION_CONDITIONS = DEBUG;
				SWIFT_OPTIMIZATION_LEVEL = "-Onone";
			};
			name = Debug;
		};
		97FBADE2250002EE00A90509 /* Release */ = {
			isa = XCBuildConfiguration;
			buildSettings = {
				ALWAYS_SEARCH_USER_PATHS = NO;
				CLANG_ANALYZER_NONNULL = YES;
				CLANG_ANALYZER_NUMBER_OBJECT_CONVERSION = YES_AGGRESSIVE;
				CLANG_CXX_LANGUAGE_STANDARD = "gnu++14";
				CLANG_CXX_LIBRARY = "libc++";
				CLANG_ENABLE_MODULES = YES;
				CLANG_ENABLE_OBJC_ARC = YES;
				CLANG_ENABLE_OBJC_WEAK = YES;
				CLANG_WARN_BLOCK_CAPTURE_AUTORELEASING = YES;
				CLANG_WARN_BOOL_CONVERSION = YES;
				CLANG_WARN_COMMA = YES;
				CLANG_WARN_CONSTANT_CONVERSION = YES;
				CLANG_WARN_DEPRECATED_OBJC_IMPLEMENTATIONS = YES;
				CLANG_WARN_DIRECT_OBJC_ISA_USAGE = YES_ERROR;
				CLANG_WARN_DOCUMENTATION_COMMENTS = YES;
				CLANG_WARN_EMPTY_BODY = YES;
				CLANG_WARN_ENUM_CONVERSION = YES;
				CLANG_WARN_INFINITE_RECURSION = YES;
				CLANG_WARN_INT_CONVERSION = YES;
				CLANG_WARN_NON_LITERAL_NULL_CONVERSION = YES;
				CLANG_WARN_OBJC_IMPLICIT_RETAIN_SELF = YES;
				CLANG_WARN_OBJC_LITERAL_CONVERSION = YES;
				CLANG_WARN_OBJC_ROOT_CLASS = YES_ERROR;
				CLANG_WARN_RANGE_LOOP_ANALYSIS = YES;
				CLANG_WARN_STRICT_PROTOTYPES = YES;
				CLANG_WARN_SUSPICIOUS_MOVE = YES;
				CLANG_WARN_UNGUARDED_AVAILABILITY = YES_AGGRESSIVE;
				CLANG_WARN_UNREACHABLE_CODE = YES;
				CLANG_WARN__DUPLICATE_METHOD_MATCH = YES;
				COPY_PHASE_STRIP = NO;
				DEBUG_INFORMATION_FORMAT = "dwarf-with-dsym";
				ENABLE_NS_ASSERTIONS = NO;
				ENABLE_STRICT_OBJC_MSGSEND = YES;
				GCC_C_LANGUAGE_STANDARD = gnu11;
				GCC_NO_COMMON_BLOCKS = YES;
				GCC_WARN_64_TO_32_BIT_CONVERSION = YES;
				GCC_WARN_ABOUT_RETURN_TYPE = YES_ERROR;
				GCC_WARN_UNDECLARED_SELECTOR = YES;
				GCC_WARN_UNINITIALIZED_AUTOS = YES_AGGRESSIVE;
				GCC_WARN_UNUSED_FUNCTION = YES;
				GCC_WARN_UNUSED_VARIABLE = YES;
				IPHONEOS_DEPLOYMENT_TARGET = 13.5;
				MTL_ENABLE_DEBUG_INFO = NO;
				MTL_FAST_MATH = YES;
				SDKROOT = iphoneos;
				SWIFT_COMPILATION_MODE = wholemodule;
				SWIFT_OPTIMIZATION_LEVEL = "-O";
				VALIDATE_PRODUCT = YES;
			};
			name = Release;
		};
		97FBADE4250002EE00A90509 /* Debug */ = {
			isa = XCBuildConfiguration;
			baseConfigurationReference = C0C1E6A5209A9B10E72FE4B8 /* Pods-ItemTest2.debug.xcconfig */;
			buildSettings = {
				ASSETCATALOG_COMPILER_APPICON_NAME = AppIcon;
				CODE_SIGN_STYLE = Automatic;
				INFOPLIST_FILE = ItemTest2/Info.plist;
				LD_RUNPATH_SEARCH_PATHS = (
					"$(inherited)",
					"@executable_path/Frameworks",
				);
				PRODUCT_BUNDLE_IDENTIFIER = "fox-tree.ItemTest2";
				PRODUCT_NAME = "$(TARGET_NAME)";
				SWIFT_VERSION = 5.0;
				TARGETED_DEVICE_FAMILY = "1,2";
			};
			name = Debug;
		};
		97FBADE5250002EE00A90509 /* Release */ = {
			isa = XCBuildConfiguration;
			baseConfigurationReference = 7F0A628B54E32F84BE33F3FF /* Pods-ItemTest2.release.xcconfig */;
			buildSettings = {
				ASSETCATALOG_COMPILER_APPICON_NAME = AppIcon;
				CODE_SIGN_STYLE = Automatic;
				INFOPLIST_FILE = ItemTest2/Info.plist;
				LD_RUNPATH_SEARCH_PATHS = (
					"$(inherited)",
					"@executable_path/Frameworks",
				);
				PRODUCT_BUNDLE_IDENTIFIER = "fox-tree.ItemTest2";
				PRODUCT_NAME = "$(TARGET_NAME)";
				SWIFT_VERSION = 5.0;
				TARGETED_DEVICE_FAMILY = "1,2";
			};
			name = Release;
		};
/* End XCBuildConfiguration section */

/* Begin XCConfigurationList section */
		97FBADCA250002ED00A90509 /* Build configuration list for PBXProject "ItemTest2" */ = {
			isa = XCConfigurationList;
			buildConfigurations = (
				97FBADE1250002EE00A90509 /* Debug */,
				97FBADE2250002EE00A90509 /* Release */,
			);
			defaultConfigurationIsVisible = 0;
			defaultConfigurationName = Release;
		};
		97FBADE3250002EE00A90509 /* Build configuration list for PBXNativeTarget "ItemTest2" */ = {
			isa = XCConfigurationList;
			buildConfigurations = (
				97FBADE4250002EE00A90509 /* Debug */,
				97FBADE5250002EE00A90509 /* Release */,
			);
			defaultConfigurationIsVisible = 0;
			defaultConfigurationName = Release;
		};
/* End XCConfigurationList section */
	};
	rootObject = 97FBADC7250002ED00A90509 /* Project object */;
}
